{
  "originHash" : "fb97651f21e463408595db7d500aaabbab130bd1d3718f28daa0d608f0a79f3c",
  "pins" : [
    {
      "identity" : "bamware-ios",
      "kind" : "remoteSourceControl",
      "location" : "https://github.com/mrbam88/bamware-ios.git",
      "state" : {
        "revision" : "464bf1daf166de4ef2826d6c81dac18690601dee"
      }
    }
  ],
  "version" : 3
}
